<?xml version="1.0" encoding="utf-8"?>
<Project ToolsVersion="4.0" xmlns="http://schemas.microsoft.com/developer/msbuild/2003">
  <ItemGroup>
    <Filter Include="소스 파일">
      <UniqueIdentifier>{4FC737F1-C7A5-4376-A066-2A32D752A2FF}</UniqueIdentifier>
      <Extensions>cpp;c;cc;cxx;c++;def;odl;idl;hpj;bat;asm;asmx</Extensions>
    </Filter>
    <Filter Include="헤더 파일">
      <UniqueIdentifier>{93995380-89BD-4b04-88EB-625FBE52EBFB}</UniqueIdentifier>
      <Extensions>h;hh;hpp;hxx;h++;hm;inl;inc;ipp;xsd</Extensions>
    </Filter>
    <Filter Include="리소스 파일">
      <UniqueIdentifier>{67DA6AB6-F800-4c08-8B7A-83BB121AAD01}</UniqueIdentifier>
      <Extensions>rc;ico;cur;bmp;dlg;rc2;rct;bin;rgs;gif;jpg;jpeg;jpe;resx;tiff;tif;png;wav;mfcribbon-ms</Extensions>
    </Filter>
  </ItemGroup>
  <ItemGroup>
    <ClCompile Include="ModernCpp_OpenCV.cpp">
      <Filter>소스 파일</Filter>
    </ClCompile>
    <ClCompile Include="projects.h">
      <Filter>헤더 파일</Filter>
    </ClCompile>
    <ClCompile Include="m2_1.cpp">
      <Filter>소스 파일</Filter>
    </ClCompile>
    <ClCompile Include="m2_2.cpp">
      <Filter>소스 파일</Filter>
    </ClCompile>
    <ClCompile Include="m2_3.cpp">
      <Filter>소스 파일</Filter>
    </ClCompile>
    <ClCompile Include="m2_4.cpp">
      <Filter>소스 파일</Filter>
    </ClCompile>
    <ClCompile Include="m2_5.cpp">
      <Filter>소스 파일</Filter>
    </ClCompile>
    <ClCompile Include="m2_6.cpp">
      <Filter>소스 파일</Filter>
    </ClCompile>
    <ClCompile Include="m2_7.cpp">
      <Filter>소스 파일</Filter>
    </ClCompile>
    <ClCompile Include="m2_8.cpp">
      <Filter>소스 파일</Filter>
    </ClCompile>
    <ClCompile Include="m2_9.cpp">
      <Filter>소스 파일</Filter>
    </ClCompile>
    <ClCompile Include="m3_1.cpp">
      <Filter>소스 파일</Filter>
    </ClCompile>
    <ClCompile Include="m3_2.cpp">
      <Filter>소스 파일</Filter>
    </ClCompile>
    <ClCompile Include="m3_3.cpp">
      <Filter>소스 파일</Filter>
    </ClCompile>
    <ClCompile Include="m3_4.cpp">
      <Filter>소스 파일</Filter>
    </ClCompile>
    <ClCompile Include="m3_5.cpp">
      <Filter>소스 파일</Filter>
    </ClCompile>
    <ClCompile Include="m3_6.cpp">
      <Filter>소스 파일</Filter>
    </ClCompile>
    <ClCompile Include="m3_7.cpp">
      <Filter>소스 파일</Filter>
    </ClCompile>
    <ClCompile Include="m3_8.cpp">
      <Filter>소스 파일</Filter>
    </ClCompile>
    <ClCompile Include="m3_9.cpp">
      <Filter>소스 파일</Filter>
    </ClCompile>
    <ClCompile Include="m4_1.cpp">
      <Filter>소스 파일</Filter>
    </ClCompile>
    <ClCompile Include="m4_2.cpp">
      <Filter>소스 파일</Filter>
    </ClCompile>
    <ClCompile Include="m4_3.cpp">
      <Filter>소스 파일</Filter>
    </ClCompile>
    <ClCompile Include="m4_4.cpp">
      <Filter>소스 파일</Filter>
    </ClCompile>
    <ClCompile Include="m4_5.cpp">
      <Filter>소스 파일</Filter>
    </ClCompile>
    <ClCompile Include="m4_6.cpp">
      <Filter>소스 파일</Filter>
    </ClCompile>
    <ClCompile Include="m4_7.cpp">
      <Filter>소스 파일</Filter>
    </ClCompile>
    <ClCompile Include="m4_8_1.cpp">
      <Filter>소스 파일</Filter>
    </ClCompile>
    <ClCompile Include="m4_9.cpp">
      <Filter>소스 파일</Filter>
    </ClCompile>
    <ClCompile Include="m4_10.cpp">
      <Filter>소스 파일</Filter>
    </ClCompile>
    <ClCompile Include="m5_1.cpp">
      <Filter>소스 파일</Filter>
    </ClCompile>
    <ClCompile Include="m5_2.cpp">
      <Filter>소스 파일</Filter>
    </ClCompile>
    <ClCompile Include="m5_8.cpp">
      <Filter>소스 파일</Filter>
    </ClCompile>
    <ClCompile Include="m5_9.cpp">
      <Filter>소스 파일</Filter>
    </ClCompile>
    <ClCompile Include="m5_10.cpp">
      <Filter>소스 파일</Filter>
    </ClCompile>
    <ClCompile Include="m6_1.cpp">
      <Filter>소스 파일</Filter>
    </ClCompile>
    <ClCompile Include="m6_2.cpp">
      <Filter>소스 파일</Filter>
    </ClCompile>
    <ClCompile Include="m6_3.cpp">
      <Filter>소스 파일</Filter>
    </ClCompile>
    <ClCompile Include="m6_4.cpp">
      <Filter>소스 파일</Filter>
    </ClCompile>
    <ClCompile Include="m6_5.cpp">
      <Filter>소스 파일</Filter>
    </ClCompile>
    <ClCompile Include="m6_6.cpp">
      <Filter>소스 파일</Filter>
    </ClCompile>
    <ClCompile Include="m6_7.cpp">
      <Filter>소스 파일</Filter>
    </ClCompile>
    <ClCompile Include="m6_7_a.cpp">
      <Filter>소스 파일</Filter>
    </ClCompile>
    <ClCompile Include="m6_8.cpp">
      <Filter>소스 파일</Filter>
    </ClCompile>
    <ClCompile Include="m6_9.cpp">
      <Filter>소스 파일</Filter>
    </ClCompile>
    <ClCompile Include="m6_10.cpp">
      <Filter>소스 파일</Filter>
    </ClCompile>
    <ClCompile Include="m6_11.cpp">
      <Filter>소스 파일</Filter>
    </ClCompile>
    <ClCompile Include="m6_12.cpp">
      <Filter>소스 파일</Filter>
    </ClCompile>
    <ClCompile Include="m6_13.cpp">
      <Filter>소스 파일</Filter>
    </ClCompile>
    <ClCompile Include="m6_14.cpp">
      <Filter>소스 파일</Filter>
    </ClCompile>
    <ClCompile Include="m6_15.cpp">
      <Filter>소스 파일</Filter>
    </ClCompile>
    <ClCompile Include="m6_16.cpp">
      <Filter>소스 파일</Filter>
    </ClCompile>
    <ClCompile Include="m6_17.cpp">
      <Filter>소스 파일</Filter>
    </ClCompile>
    <ClCompile Include="m6_18.cpp">
      <Filter>소스 파일</Filter>
    </ClCompile>
    <ClCompile Include="m6_19.cpp">
      <Filter>소스 파일</Filter>
    </ClCompile>
    <ClCompile Include="m6_20.cpp">
      <Filter>소스 파일</Filter>
    </ClCompile>
    <ClCompile Include="m6_21.cpp">
      <Filter>소스 파일</Filter>
    </ClCompile>
    <ClCompile Include="m7_1.cpp">
      <Filter>소스 파일</Filter>
    </ClCompile>
    <ClCompile Include="m7_2.cpp">
      <Filter>소스 파일</Filter>
    </ClCompile>
    <ClCompile Include="m7_3.cpp">
      <Filter>소스 파일</Filter>
    </ClCompile>
    <ClCompile Include="m7_4.cpp">
      <Filter>소스 파일</Filter>
    </ClCompile>
    <ClCompile Include="m7_5.cpp">
      <Filter>소스 파일</Filter>
    </ClCompile>
    <ClCompile Include="m7_6.cpp">
      <Filter>소스 파일</Filter>
    </ClCompile>
    <ClCompile Include="m7_7.cpp">
      <Filter>소스 파일</Filter>
    </ClCompile>
    <ClCompile Include="m7_8.cpp">
      <Filter>소스 파일</Filter>
    </ClCompile>
    <ClCompile Include="m7_9.cpp">
      <Filter>소스 파일</Filter>
    </ClCompile>
    <ClCompile Include="m7_10.cpp">
      <Filter>소스 파일</Filter>
    </ClCompile>
    <ClCompile Include="m7_11.cpp">
      <Filter>소스 파일</Filter>
    </ClCompile>
    <ClCompile Include="m7_12.cpp">
      <Filter>소스 파일</Filter>
    </ClCompile>
    <ClCompile Include="m7_13.cpp">
      <Filter>소스 파일</Filter>
    </ClCompile>
    <ClCompile Include="m7_14.cpp">
      <Filter>소스 파일</Filter>
    </ClCompile>
    <ClCompile Include="m7_15.cpp">
      <Filter>소스 파일</Filter>
    </ClCompile>
    <ClCompile Include="m7_16.cpp">
      <Filter>소스 파일</Filter>
    </ClCompile>
    <ClCompile Include="m8_1.cpp">
      <Filter>소스 파일</Filter>
    </ClCompile>
    <ClCompile Include="m8_2.cpp">
      <Filter>소스 파일</Filter>
    </ClCompile>
    <ClCompile Include="m8_3.cpp">
      <Filter>소스 파일</Filter>
    </ClCompile>
    <ClCompile Include="m8_4.cpp">
      <Filter>소스 파일</Filter>
    </ClCompile>
    <ClCompile Include="m8_5.cpp">
      <Filter>소스 파일</Filter>
    </ClCompile>
    <ClCompile Include="m8_6.cpp">
      <Filter>소스 파일</Filter>
    </ClCompile>
    <ClCompile Include="m8_7.cpp">
      <Filter>소스 파일</Filter>
    </ClCompile>
    <ClCompile Include="m8_8.cpp">
      <Filter>소스 파일</Filter>
    </ClCompile>
    <ClCompile Include="m8_8_1.cpp">
      <Filter>소스 파일</Filter>
    </ClCompile>
    <ClCompile Include="m8_9.cpp">
      <Filter>소스 파일</Filter>
    </ClCompile>
    <ClCompile Include="m8_10.cpp">
      <Filter>소스 파일</Filter>
    </ClCompile>
    <ClCompile Include="m8_11.cpp">
      <Filter>소스 파일</Filter>
    </ClCompile>
    <ClCompile Include="m8_12.cpp">
      <Filter>소스 파일</Filter>
    </ClCompile>
    <ClCompile Include="m8_13.cpp">
      <Filter>소스 파일</Filter>
    </ClCompile>
    <ClCompile Include="m8_14.cpp">
      <Filter>소스 파일</Filter>
    </ClCompile>
    <ClCompile Include="m8_15.cpp">
      <Filter>소스 파일</Filter>
    </ClCompile>
    <ClCompile Include="m9_1.cpp">
      <Filter>소스 파일</Filter>
    </ClCompile>
    <ClCompile Include="m9_2.cpp">
      <Filter>소스 파일</Filter>
    </ClCompile>
    <ClCompile Include="m9_3.cpp">
      <Filter>소스 파일</Filter>
    </ClCompile>
    <ClCompile Include="m9_4.cpp">
      <Filter>소스 파일</Filter>
    </ClCompile>
    <ClCompile Include="m9_5.cpp">
      <Filter>소스 파일</Filter>
    </ClCompile>
    <ClCompile Include="m9_6.cpp">
      <Filter>소스 파일</Filter>
    </ClCompile>
    <ClCompile Include="m9_7.cpp">
      <Filter>소스 파일</Filter>
    </ClCompile>
    <ClCompile Include="m9_8.cpp">
      <Filter>소스 파일</Filter>
    </ClCompile>
    <ClCompile Include="m9_9.cpp">
      <Filter>소스 파일</Filter>
    </ClCompile>
    <ClCompile Include="m9_10.cpp">
      <Filter>소스 파일</Filter>
    </ClCompile>
    <ClCompile Include="m9_11.cpp">
      <Filter>소스 파일</Filter>
    </ClCompile>
    <ClCompile Include="m9_12.cpp">
      <Filter>소스 파일</Filter>
    </ClCompile>
    <ClCompile Include="m10_1.cpp">
      <Filter>소스 파일</Filter>
    </ClCompile>
    <ClCompile Include="m10_2.cpp">
      <Filter>소스 파일</Filter>
    </ClCompile>
    <ClCompile Include="m10_3.cpp">
      <Filter>소스 파일</Filter>
    </ClCompile>
    <ClCompile Include="m10_5.cpp">
      <Filter>소스 파일</Filter>
    </ClCompile>
    <ClCompile Include="m10_5_Worker.cpp">
      <Filter>소스 파일</Filter>
    </ClCompile>
    <ClCompile Include="m10_6.cpp">
      <Filter>소스 파일</Filter>
    </ClCompile>
    <ClCompile Include="m11_1.cpp">
      <Filter>소스 파일</Filter>
    </ClCompile>
    <ClCompile Include="m11_2.cpp">
      <Filter>소스 파일</Filter>
    </ClCompile>
    <ClCompile Include="m11_3.cpp">
      <Filter>소스 파일</Filter>
    </ClCompile>
    <ClCompile Include="m11_4.cpp">
      <Filter>소스 파일</Filter>
    </ClCompile>
    <ClCompile Include="m10_4.cpp">
      <Filter>소스 파일</Filter>
    </ClCompile>
    <ClCompile Include="m11_5.cpp">
      <Filter>소스 파일</Filter>
    </ClCompile>
    <ClCompile Include="m11_6.cpp">
      <Filter>소스 파일</Filter>
    </ClCompile>
    <ClCompile Include="m11_7.cpp">
      <Filter>소스 파일</Filter>
    </ClCompile>
    <ClCompile Include="m11_8.cpp">
      <Filter>소스 파일</Filter>
    </ClCompile>
    <ClCompile Include="m11_9.cpp">
      <Filter>소스 파일</Filter>
    </ClCompile>
    <ClCompile Include="m12_1.cpp">
      <Filter>소스 파일</Filter>
    </ClCompile>
    <ClCompile Include="m12_2.cpp">
      <Filter>소스 파일</Filter>
    </ClCompile>
    <ClCompile Include="m12_3.cpp">
      <Filter>소스 파일</Filter>
    </ClCompile>
    <ClCompile Include="m12_4.cpp">
      <Filter>소스 파일</Filter>
    </ClCompile>
    <ClCompile Include="m12_5.cpp">
      <Filter>소스 파일</Filter>
    </ClCompile>
    <ClCompile Include="m12_6.cpp">
      <Filter>소스 파일</Filter>
    </ClCompile>
    <ClCompile Include="m12_7.cpp">
      <Filter>소스 파일</Filter>
    </ClCompile>
    <ClCompile Include="m12_8.cpp">
      <Filter>소스 파일</Filter>
    </ClCompile>
    <ClCompile Include="m12_9.cpp">
      <Filter>소스 파일</Filter>
    </ClCompile>
    <ClCompile Include="m12_10.cpp">
      <Filter>소스 파일</Filter>
    </ClCompile>
    <ClCompile Include="m12_11.cpp">
      <Filter>소스 파일</Filter>
    </ClCompile>
    <ClCompile Include="m13_1.cpp">
      <Filter>소스 파일</Filter>
    </ClCompile>
    <ClCompile Include="m13_2.cpp">
      <Filter>소스 파일</Filter>
    </ClCompile>
    <ClCompile Include="m13_2_class.cpp">
      <Filter>소스 파일</Filter>
    </ClCompile>
    <ClCompile Include="m13_3.cpp">
      <Filter>소스 파일</Filter>
    </ClCompile>
    <ClCompile Include="m13_4.cpp">
      <Filter>소스 파일</Filter>
    </ClCompile>
    <ClCompile Include="m13_4_class.cpp">
      <Filter>소스 파일</Filter>
    </ClCompile>
    <ClCompile Include="m13_5.cpp">
      <Filter>소스 파일</Filter>
    </ClCompile>
    <ClCompile Include="m13_6.cpp">
      <Filter>소스 파일</Filter>
    </ClCompile>
    <ClCompile Include="m13_7.cpp">
      <Filter>소스 파일</Filter>
    </ClCompile>
    <ClCompile Include="m13_8.cpp">
      <Filter>소스 파일</Filter>
    </ClCompile>
    <ClCompile Include="m14_1.cpp">
      <Filter>소스 파일</Filter>
    </ClCompile>
    <ClCompile Include="m14_2.cpp">
      <Filter>소스 파일</Filter>
    </ClCompile>
    <ClCompile Include="m14_3.cpp">
      <Filter>소스 파일</Filter>
    </ClCompile>
    <ClCompile Include="m14_4.cpp">
      <Filter>소스 파일</Filter>
    </ClCompile>
    <ClCompile Include="m14_5.cpp">
      <Filter>소스 파일</Filter>
    </ClCompile>
    <ClCompile Include="m14_6.cpp">
      <Filter>소스 파일</Filter>
    </ClCompile>
    <ClCompile Include="m15_1.cpp">
      <Filter>소스 파일</Filter>
    </ClCompile>
    <ClCompile Include="m15_2.cpp">
      <Filter>소스 파일</Filter>
    </ClCompile>
    <ClCompile Include="m15_3.cpp">
      <Filter>소스 파일</Filter>
    </ClCompile>
    <ClCompile Include="m15_4.cpp">
      <Filter>소스 파일</Filter>
    </ClCompile>
    <ClCompile Include="m15_5.cpp">
      <Filter>소스 파일</Filter>
    </ClCompile>
    <ClCompile Include="m15_6.cpp">
      <Filter>소스 파일</Filter>
    </ClCompile>
    <ClCompile Include="m15_7.cpp">
      <Filter>소스 파일</Filter>
    </ClCompile>
    <ClCompile Include="m16_1.cpp">
      <Filter>소스 파일</Filter>
    </ClCompile>
    <ClCompile Include="m16_2.cpp">
      <Filter>소스 파일</Filter>
    </ClCompile>
    <ClCompile Include="m16_3.cpp">
      <Filter>소스 파일</Filter>
    </ClCompile>
    <ClCompile Include="m17_1.cpp">
      <Filter>소스 파일</Filter>
    </ClCompile>
    <ClCompile Include="m17_2.cpp">
      <Filter>소스 파일</Filter>
    </ClCompile>
    <ClCompile Include="m17_3.cpp">
      <Filter>소스 파일</Filter>
    </ClCompile>
    <ClCompile Include="m17_4.cpp">
      <Filter>소스 파일</Filter>
    </ClCompile>
    <ClCompile Include="m17_5.cpp">
      <Filter>소스 파일</Filter>
    </ClCompile>
    <ClCompile Include="m18_1.cpp">
      <Filter>소스 파일</Filter>
    </ClCompile>
  </ItemGroup>
  <ItemGroup>
    <ClInclude Include="m8_8.h">
      <Filter>헤더 파일</Filter>
    </ClInclude>
    <ClInclude Include="m10_2_monster.h">
      <Filter>헤더 파일</Filter>
    </ClInclude>
    <ClInclude Include="m10_2_position2D.h">
      <Filter>헤더 파일</Filter>
    </ClInclude>
    <ClInclude Include="m10_3_teacher.h">
      <Filter>헤더 파일</Filter>
    </ClInclude>
    <ClInclude Include="m10_3_Lecture.h">
      <Filter>헤더 파일</Filter>
    </ClInclude>
    <ClInclude Include="m10_3_Student.h">
      <Filter>헤더 파일</Filter>
    </ClInclude>
    <ClInclude Include="m10_5_Timer.h">
      <Filter>헤더 파일</Filter>
    </ClInclude>
    <ClInclude Include="m10_5_Worker.h">
      <Filter>헤더 파일</Filter>
    </ClInclude>
    <ClInclude Include="m11_2_Student.h">
      <Filter>헤더 파일</Filter>
    </ClInclude>
    <ClInclude Include="m11_2_Teacher.h">
      <Filter>헤더 파일</Filter>
    </ClInclude>
    <ClInclude Include="m11_2_Person.h">
      <Filter>헤더 파일</Filter>
    </ClInclude>
  </ItemGroup>
</Project>