
Microsoft Visual Studio Solution File, Format Version 12.00
# Visual Studio Version 16
VisualStudioVersion = 16.0.30011.22
MinimumVisualStudioVersion = 10.0.40219.1
Project("{8BC9CEB8-8B4A-11D0-8D11-00A0C91BC942}") = "ModernCpp_OpenCV", "ModernCpp_OpenCV.vcxproj", "{30B82490-D98B-48B3-BD95-F24681D21094}"
EndProject
Global
	GlobalSection(SolutionConfigurationPlatforms) = preSolution
		Debug|x64 = Debug|x64
		Debug|x86 = Debug|x86
		Release|x64 = Release|x64
		Release|x86 = Release|x86
	EndGlobalSection
	GlobalSection(ProjectConfigurationPlatforms) = postSolution
		{30B82490-D98B-48B3-BD95-F24681D21094}.Debug|x64.ActiveCfg = Debug|x64
		{30B82490-D98B-48B3-BD95-F24681D21094}.Debug|x64.Build.0 = Debug|x64
		{30B82490-D98B-48B3-BD95-F24681D21094}.Debug|x86.ActiveCfg = Debug|Win32
		{30B82490-D98B-48B3-BD95-F24681D21094}.Debug|x86.Build.0 = Debug|Win32
		{30B82490-D98B-48B3-BD95-F24681D21094}.Release|x64.ActiveCfg = Release|x64
		{30B82490-D98B-48B3-BD95-F24681D21094}.Release|x64.Build.0 = Release|x64
		{30B82490-D98B-48B3-BD95-F24681D21094}.Release|x86.ActiveCfg = Release|Win32
		{30B82490-D98B-48B3-BD95-F24681D21094}.Release|x86.Build.0 = Release|Win32
	EndGlobalSection
	GlobalSection(SolutionProperties) = preSolution
		HideSolutionNode = FALSE
	EndGlobalSection
	GlobalSection(ExtensibilityGlobals) = postSolution
		SolutionGuid = {DCF6B112-B1A5-4D3B-BA1B-A25FF0C63426}
	EndGlobalSection
EndGlobal
